
Microsoft Visual Studio Solution File, Format Version 12.00
# Visual Studio 14
VisualStudioVersion = 14.0.25420.1
MinimumVisualStudioVersion = 10.0.40219.1
Project("{FAE04EC0-301F-11D3-BF4B-00C04F79EFBC}") = "ToDoXamarinWindows", "ToDoXamarinWindows\ToDoXamarinWindows\ToDoXamarinWindows.csproj", "{6E591FF5-914C-443D-A027-9DDA3963D05E}"
EndProject
Project("{FAE04EC0-301F-11D3-BF4B-00C04F79EFBC}") = "ToDoXamarinWindows.Droid", "ToDoXamarinWindows\ToDoXamarinWindows.Droid\ToDoXamarinWindows.Droid.csproj", "{B17CA64E-2144-47E8-8360-1981DED42179}"
EndProject
Project("{FAE04EC0-301F-11D3-BF4B-00C04F79EFBC}") = "ToDoXamarinWindows.iOS", "ToDoXamarinWindows\ToDoXamarinWindows.iOS\ToDoXamarinWindows.iOS.csproj", "{C8E3D676-4BB8-45D8-9680-1C4D8F6B6F7F}"
EndProject
Project("{FAE04EC0-301F-11D3-BF4B-00C04F79EFBC}") = "ToDoXamarinWindows.Windows", "ToDoXamarinWindows\ToDoXamarinWindows.Windows\ToDoXamarinWindows.Windows.csproj", "{7F590C0E-C75F-4193-8305-FA1CBE121DF5}"
EndProject
Global
	GlobalSection(SolutionConfigurationPlatforms) = preSolution
		Ad-Hoc|Any CPU = Ad-Hoc|Any CPU
		Ad-Hoc|ARM = Ad-Hoc|ARM
		Ad-Hoc|iPhone = Ad-Hoc|iPhone
		Ad-Hoc|iPhoneSimulator = Ad-Hoc|iPhoneSimulator
		Ad-Hoc|x64 = Ad-Hoc|x64
		Ad-Hoc|x86 = Ad-Hoc|x86
		AppStore|Any CPU = AppStore|Any CPU
		AppStore|ARM = AppStore|ARM
		AppStore|iPhone = AppStore|iPhone
		AppStore|iPhoneSimulator = AppStore|iPhoneSimulator
		AppStore|x64 = AppStore|x64
		AppStore|x86 = AppStore|x86
		Debug|Any CPU = Debug|Any CPU
		Debug|ARM = Debug|ARM
		Debug|iPhone = Debug|iPhone
		Debug|iPhoneSimulator = Debug|iPhoneSimulator
		Debug|x64 = Debug|x64
		Debug|x86 = Debug|x86
		Release|Any CPU = Release|Any CPU
		Release|ARM = Release|ARM
		Release|iPhone = Release|iPhone
		Release|iPhoneSimulator = Release|iPhoneSimulator
		Release|x64 = Release|x64
		Release|x86 = Release|x86
	EndGlobalSection
	GlobalSection(ProjectConfigurationPlatforms) = postSolution
		{6E591FF5-914C-443D-A027-9DDA3963D05E}.Ad-Hoc|Any CPU.ActiveCfg = Release|Any CPU
		{6E591FF5-914C-443D-A027-9DDA3963D05E}.Ad-Hoc|Any CPU.Build.0 = Release|Any CPU
		{6E591FF5-914C-443D-A027-9DDA3963D05E}.Ad-Hoc|ARM.ActiveCfg = Release|Any CPU
		{6E591FF5-914C-443D-A027-9DDA3963D05E}.Ad-Hoc|ARM.Build.0 = Release|Any CPU
		{6E591FF5-914C-443D-A027-9DDA3963D05E}.Ad-Hoc|iPhone.ActiveCfg = Release|Any CPU
		{6E591FF5-914C-443D-A027-9DDA3963D05E}.Ad-Hoc|iPhone.Build.0 = Release|Any CPU
		{6E591FF5-914C-443D-A027-9DDA3963D05E}.Ad-Hoc|iPhoneSimulator.ActiveCfg = Release|Any CPU
		{6E591FF5-914C-443D-A027-9DDA3963D05E}.Ad-Hoc|iPhoneSimulator.Build.0 = Release|Any CPU
		{6E591FF5-914C-443D-A027-9DDA3963D05E}.Ad-Hoc|x64.ActiveCfg = Release|Any CPU
		{6E591FF5-914C-443D-A027-9DDA3963D05E}.Ad-Hoc|x64.Build.0 = Release|Any CPU
		{6E591FF5-914C-443D-A027-9DDA3963D05E}.Ad-Hoc|x86.ActiveCfg = Release|Any CPU
		{6E591FF5-914C-443D-A027-9DDA3963D05E}.Ad-Hoc|x86.Build.0 = Release|Any CPU
		{6E591FF5-914C-443D-A027-9DDA3963D05E}.AppStore|Any CPU.ActiveCfg = Release|Any CPU
		{6E591FF5-914C-443D-A027-9DDA3963D05E}.AppStore|Any CPU.Build.0 = Release|Any CPU
		{6E591FF5-914C-443D-A027-9DDA3963D05E}.AppStore|ARM.ActiveCfg = Release|Any CPU
		{6E591FF5-914C-443D-A027-9DDA3963D05E}.AppStore|ARM.Build.0 = Release|Any CPU
		{6E591FF5-914C-443D-A027-9DDA3963D05E}.AppStore|iPhone.ActiveCfg = Release|Any CPU
		{6E591FF5-914C-443D-A027-9DDA3963D05E}.AppStore|iPhone.Build.0 = Release|Any CPU
		{6E591FF5-914C-443D-A027-9DDA3963D05E}.AppStore|iPhoneSimulator.ActiveCfg = Release|Any CPU
		{6E591FF5-914C-443D-A027-9DDA3963D05E}.AppStore|iPhoneSimulator.Build.0 = Release|Any CPU
		{6E591FF5-914C-443D-A027-9DDA3963D05E}.AppStore|x64.ActiveCfg = Release|Any CPU
		{6E591FF5-914C-443D-A027-9DDA3963D05E}.AppStore|x64.Build.0 = Release|Any CPU
		{6E591FF5-914C-443D-A027-9DDA3963D05E}.AppStore|x86.ActiveCfg = Release|Any CPU
		{6E591FF5-914C-443D-A027-9DDA3963D05E}.AppStore|x86.Build.0 = Release|Any CPU
		{6E591FF5-914C-443D-A027-9DDA3963D05E}.Debug|Any CPU.ActiveCfg = Debug|Any CPU
		{6E591FF5-914C-443D-A027-9DDA3963D05E}.Debug|Any CPU.Build.0 = Debug|Any CPU
		{6E591FF5-914C-443D-A027-9DDA3963D05E}.Debug|ARM.ActiveCfg = Debug|Any CPU
		{6E591FF5-914C-443D-A027-9DDA3963D05E}.Debug|ARM.Build.0 = Debug|Any CPU
		{6E591FF5-914C-443D-A027-9DDA3963D05E}.Debug|iPhone.ActiveCfg = Debug|Any CPU
		{6E591FF5-914C-443D-A027-9DDA3963D05E}.Debug|iPhone.Build.0 = Debug|Any CPU
		{6E591FF5-914C-443D-A027-9DDA3963D05E}.Debug|iPhoneSimulator.ActiveCfg = Debug|Any CPU
		{6E591FF5-914C-443D-A027-9DDA3963D05E}.Debug|iPhoneSimulator.Build.0 = Debug|Any CPU
		{6E591FF5-914C-443D-A027-9DDA3963D05E}.Debug|x64.ActiveCfg = Debug|Any CPU
		{6E591FF5-914C-443D-A027-9DDA3963D05E}.Debug|x64.Build.0 = Debug|Any CPU
		{6E591FF5-914C-443D-A027-9DDA3963D05E}.Debug|x86.ActiveCfg = Debug|Any CPU
		{6E591FF5-914C-443D-A027-9DDA3963D05E}.Debug|x86.Build.0 = Debug|Any CPU
		{6E591FF5-914C-443D-A027-9DDA3963D05E}.Release|Any CPU.ActiveCfg = Release|Any CPU
		{6E591FF5-914C-443D-A027-9DDA3963D05E}.Release|Any CPU.Build.0 = Release|Any CPU
		{6E591FF5-914C-443D-A027-9DDA3963D05E}.Release|ARM.ActiveCfg = Release|Any CPU
		{6E591FF5-914C-443D-A027-9DDA3963D05E}.Release|ARM.Build.0 = Release|Any CPU
		{6E591FF5-914C-443D-A027-9DDA3963D05E}.Release|iPhone.ActiveCfg = Release|Any CPU
		{6E591FF5-914C-443D-A027-9DDA3963D05E}.Release|iPhone.Build.0 = Release|Any CPU
		{6E591FF5-914C-443D-A027-9DDA3963D05E}.Release|iPhoneSimulator.ActiveCfg = Release|Any CPU
		{6E591FF5-914C-443D-A027-9DDA3963D05E}.Release|iPhoneSimulator.Build.0 = Release|Any CPU
		{6E591FF5-914C-443D-A027-9DDA3963D05E}.Release|x64.ActiveCfg = Release|Any CPU
		{6E591FF5-914C-443D-A027-9DDA3963D05E}.Release|x64.Build.0 = Release|Any CPU
		{6E591FF5-914C-443D-A027-9DDA3963D05E}.Release|x86.ActiveCfg = Release|Any CPU
		{6E591FF5-914C-443D-A027-9DDA3963D05E}.Release|x86.Build.0 = Release|Any CPU
		{B17CA64E-2144-47E8-8360-1981DED42179}.Ad-Hoc|Any CPU.ActiveCfg = Release|Any CPU
		{B17CA64E-2144-47E8-8360-1981DED42179}.Ad-Hoc|Any CPU.Build.0 = Release|Any CPU
		{B17CA64E-2144-47E8-8360-1981DED42179}.Ad-Hoc|Any CPU.Deploy.0 = Release|Any CPU
		{B17CA64E-2144-47E8-8360-1981DED42179}.Ad-Hoc|ARM.ActiveCfg = Release|Any CPU
		{B17CA64E-2144-47E8-8360-1981DED42179}.Ad-Hoc|ARM.Build.0 = Release|Any CPU
		{B17CA64E-2144-47E8-8360-1981DED42179}.Ad-Hoc|ARM.Deploy.0 = Release|Any CPU
		{B17CA64E-2144-47E8-8360-1981DED42179}.Ad-Hoc|iPhone.ActiveCfg = Release|Any CPU
		{B17CA64E-2144-47E8-8360-1981DED42179}.Ad-Hoc|iPhone.Build.0 = Release|Any CPU
		{B17CA64E-2144-47E8-8360-1981DED42179}.Ad-Hoc|iPhone.Deploy.0 = Release|Any CPU
		{B17CA64E-2144-47E8-8360-1981DED42179}.Ad-Hoc|iPhoneSimulator.ActiveCfg = Release|Any CPU
		{B17CA64E-2144-47E8-8360-1981DED42179}.Ad-Hoc|iPhoneSimulator.Build.0 = Release|Any CPU
		{B17CA64E-2144-47E8-8360-1981DED42179}.Ad-Hoc|iPhoneSimulator.Deploy.0 = Release|Any CPU
		{B17CA64E-2144-47E8-8360-1981DED42179}.Ad-Hoc|x64.ActiveCfg = Release|Any CPU
		{B17CA64E-2144-47E8-8360-1981DED42179}.Ad-Hoc|x64.Build.0 = Release|Any CPU
		{B17CA64E-2144-47E8-8360-1981DED42179}.Ad-Hoc|x64.Deploy.0 = Release|Any CPU
		{B17CA64E-2144-47E8-8360-1981DED42179}.Ad-Hoc|x86.ActiveCfg = Release|Any CPU
		{B17CA64E-2144-47E8-8360-1981DED42179}.Ad-Hoc|x86.Build.0 = Release|Any CPU
		{B17CA64E-2144-47E8-8360-1981DED42179}.Ad-Hoc|x86.Deploy.0 = Release|Any CPU
		{B17CA64E-2144-47E8-8360-1981DED42179}.AppStore|Any CPU.ActiveCfg = Release|Any CPU
		{B17CA64E-2144-47E8-8360-1981DED42179}.AppStore|Any CPU.Build.0 = Release|Any CPU
		{B17CA64E-2144-47E8-8360-1981DED42179}.AppStore|Any CPU.Deploy.0 = Release|Any CPU
		{B17CA64E-2144-47E8-8360-1981DED42179}.AppStore|ARM.ActiveCfg = Release|Any CPU
		{B17CA64E-2144-47E8-8360-1981DED42179}.AppStore|ARM.Build.0 = Release|Any CPU
		{B17CA64E-2144-47E8-8360-1981DED42179}.AppStore|ARM.Deploy.0 = Release|Any CPU
		{B17CA64E-2144-47E8-8360-1981DED42179}.AppStore|iPhone.ActiveCfg = Release|Any CPU
		{B17CA64E-2144-47E8-8360-1981DED42179}.AppStore|iPhone.Build.0 = Release|Any CPU
		{B17CA64E-2144-47E8-8360-1981DED42179}.AppStore|iPhone.Deploy.0 = Release|Any CPU
		{B17CA64E-2144-47E8-8360-1981DED42179}.AppStore|iPhoneSimulator.ActiveCfg = Release|Any CPU
		{B17CA64E-2144-47E8-8360-1981DED42179}.AppStore|iPhoneSimulator.Build.0 = Release|Any CPU
		{B17CA64E-2144-47E8-8360-1981DED42179}.AppStore|iPhoneSimulator.Deploy.0 = Release|Any CPU
		{B17CA64E-2144-47E8-8360-1981DED42179}.AppStore|x64.ActiveCfg = Release|Any CPU
		{B17CA64E-2144-47E8-8360-1981DED42179}.AppStore|x64.Build.0 = Release|Any CPU
		{B17CA64E-2144-47E8-8360-1981DED42179}.AppStore|x64.Deploy.0 = Release|Any CPU
		{B17CA64E-2144-47E8-8360-1981DED42179}.AppStore|x86.ActiveCfg = Release|Any CPU
		{B17CA64E-2144-47E8-8360-1981DED42179}.AppStore|x86.Build.0 = Release|Any CPU
		{B17CA64E-2144-47E8-8360-1981DED42179}.AppStore|x86.Deploy.0 = Release|Any CPU
		{B17CA64E-2144-47E8-8360-1981DED42179}.Debug|Any CPU.ActiveCfg = Debug|Any CPU
		{B17CA64E-2144-47E8-8360-1981DED42179}.Debug|Any CPU.Build.0 = Debug|Any CPU
		{B17CA64E-2144-47E8-8360-1981DED42179}.Debug|Any CPU.Deploy.0 = Debug|Any CPU
		{B17CA64E-2144-47E8-8360-1981DED42179}.Debug|ARM.ActiveCfg = Debug|Any CPU
		{B17CA64E-2144-47E8-8360-1981DED42179}.Debug|ARM.Build.0 = Debug|Any CPU
		{B17CA64E-2144-47E8-8360-1981DED42179}.Debug|ARM.Deploy.0 = Debug|Any CPU
		{B17CA64E-2144-47E8-8360-1981DED42179}.Debug|iPhone.ActiveCfg = Debug|Any CPU
		{B17CA64E-2144-47E8-8360-1981DED42179}.Debug|iPhone.Build.0 = Debug|Any CPU
		{B17CA64E-2144-47E8-8360-1981DED42179}.Debug|iPhone.Deploy.0 = Debug|Any CPU
		{B17CA64E-2144-47E8-8360-1981DED42179}.Debug|iPhoneSimulator.ActiveCfg = Debug|Any CPU
		{B17CA64E-2144-47E8-8360-1981DED42179}.Debug|iPhoneSimulator.Build.0 = Debug|Any CPU
		{B17CA64E-2144-47E8-8360-1981DED42179}.Debug|iPhoneSimulator.Deploy.0 = Debug|Any CPU
		{B17CA64E-2144-47E8-8360-1981DED42179}.Debug|x64.ActiveCfg = Debug|Any CPU
		{B17CA64E-2144-47E8-8360-1981DED42179}.Debug|x64.Build.0 = Debug|Any CPU
		{B17CA64E-2144-47E8-8360-1981DED42179}.Debug|x64.Deploy.0 = Debug|Any CPU
		{B17CA64E-2144-47E8-8360-1981DED42179}.Debug|x86.ActiveCfg = Debug|Any CPU
		{B17CA64E-2144-47E8-8360-1981DED42179}.Debug|x86.Build.0 = Debug|Any CPU
		{B17CA64E-2144-47E8-8360-1981DED42179}.Debug|x86.Deploy.0 = Debug|Any CPU
		{B17CA64E-2144-47E8-8360-1981DED42179}.Release|Any CPU.ActiveCfg = Release|Any CPU
		{B17CA64E-2144-47E8-8360-1981DED42179}.Release|Any CPU.Build.0 = Release|Any CPU
		{B17CA64E-2144-47E8-8360-1981DED42179}.Release|Any CPU.Deploy.0 = Release|Any CPU
		{B17CA64E-2144-47E8-8360-1981DED42179}.Release|ARM.ActiveCfg = Release|Any CPU
		{B17CA64E-2144-47E8-8360-1981DED42179}.Release|ARM.Build.0 = Release|Any CPU
		{B17CA64E-2144-47E8-8360-1981DED42179}.Release|ARM.Deploy.0 = Release|Any CPU
		{B17CA64E-2144-47E8-8360-1981DED42179}.Release|iPhone.ActiveCfg = Release|Any CPU
		{B17CA64E-2144-47E8-8360-1981DED42179}.Release|iPhone.Build.0 = Release|Any CPU
		{B17CA64E-2144-47E8-8360-1981DED42179}.Release|iPhone.Deploy.0 = Release|Any CPU
		{B17CA64E-2144-47E8-8360-1981DED42179}.Release|iPhoneSimulator.ActiveCfg = Release|Any CPU
		{B17CA64E-2144-47E8-8360-1981DED42179}.Release|iPhoneSimulator.Build.0 = Release|Any CPU
		{B17CA64E-2144-47E8-8360-1981DED42179}.Release|iPhoneSimulator.Deploy.0 = Release|Any CPU
		{B17CA64E-2144-47E8-8360-1981DED42179}.Release|x64.ActiveCfg = Release|Any CPU
		{B17CA64E-2144-47E8-8360-1981DED42179}.Release|x64.Build.0 = Release|Any CPU
		{B17CA64E-2144-47E8-8360-1981DED42179}.Release|x64.Deploy.0 = Release|Any CPU
		{B17CA64E-2144-47E8-8360-1981DED42179}.Release|x86.ActiveCfg = Release|Any CPU
		{B17CA64E-2144-47E8-8360-1981DED42179}.Release|x86.Build.0 = Release|Any CPU
		{B17CA64E-2144-47E8-8360-1981DED42179}.Release|x86.Deploy.0 = Release|Any CPU
		{C8E3D676-4BB8-45D8-9680-1C4D8F6B6F7F}.Ad-Hoc|Any CPU.ActiveCfg = Ad-Hoc|iPhone
		{C8E3D676-4BB8-45D8-9680-1C4D8F6B6F7F}.Ad-Hoc|ARM.ActiveCfg = Ad-Hoc|iPhone
		{C8E3D676-4BB8-45D8-9680-1C4D8F6B6F7F}.Ad-Hoc|iPhone.ActiveCfg = Ad-Hoc|iPhone
		{C8E3D676-4BB8-45D8-9680-1C4D8F6B6F7F}.Ad-Hoc|iPhone.Build.0 = Ad-Hoc|iPhone
		{C8E3D676-4BB8-45D8-9680-1C4D8F6B6F7F}.Ad-Hoc|iPhoneSimulator.ActiveCfg = Ad-Hoc|iPhoneSimulator
		{C8E3D676-4BB8-45D8-9680-1C4D8F6B6F7F}.Ad-Hoc|iPhoneSimulator.Build.0 = Ad-Hoc|iPhoneSimulator
		{C8E3D676-4BB8-45D8-9680-1C4D8F6B6F7F}.Ad-Hoc|x64.ActiveCfg = Ad-Hoc|iPhone
		{C8E3D676-4BB8-45D8-9680-1C4D8F6B6F7F}.Ad-Hoc|x86.ActiveCfg = Ad-Hoc|iPhone
		{C8E3D676-4BB8-45D8-9680-1C4D8F6B6F7F}.AppStore|Any CPU.ActiveCfg = AppStore|iPhone
		{C8E3D676-4BB8-45D8-9680-1C4D8F6B6F7F}.AppStore|ARM.ActiveCfg = AppStore|iPhone
		{C8E3D676-4BB8-45D8-9680-1C4D8F6B6F7F}.AppStore|iPhone.ActiveCfg = AppStore|iPhone
		{C8E3D676-4BB8-45D8-9680-1C4D8F6B6F7F}.AppStore|iPhone.Build.0 = AppStore|iPhone
		{C8E3D676-4BB8-45D8-9680-1C4D8F6B6F7F}.AppStore|iPhoneSimulator.ActiveCfg = AppStore|iPhoneSimulator
		{C8E3D676-4BB8-45D8-9680-1C4D8F6B6F7F}.AppStore|iPhoneSimulator.Build.0 = AppStore|iPhoneSimulator
		{C8E3D676-4BB8-45D8-9680-1C4D8F6B6F7F}.AppStore|x64.ActiveCfg = AppStore|iPhone
		{C8E3D676-4BB8-45D8-9680-1C4D8F6B6F7F}.AppStore|x86.ActiveCfg = AppStore|iPhone
		{C8E3D676-4BB8-45D8-9680-1C4D8F6B6F7F}.Debug|Any CPU.ActiveCfg = Debug|iPhone
		{C8E3D676-4BB8-45D8-9680-1C4D8F6B6F7F}.Debug|ARM.ActiveCfg = Debug|iPhone
		{C8E3D676-4BB8-45D8-9680-1C4D8F6B6F7F}.Debug|iPhone.ActiveCfg = Debug|iPhone
		{C8E3D676-4BB8-45D8-9680-1C4D8F6B6F7F}.Debug|iPhone.Build.0 = Debug|iPhone
		{C8E3D676-4BB8-45D8-9680-1C4D8F6B6F7F}.Debug|iPhoneSimulator.ActiveCfg = Debug|iPhoneSimulator
		{C8E3D676-4BB8-45D8-9680-1C4D8F6B6F7F}.Debug|iPhoneSimulator.Build.0 = Debug|iPhoneSimulator
		{C8E3D676-4BB8-45D8-9680-1C4D8F6B6F7F}.Debug|x64.ActiveCfg = Debug|iPhone
		{C8E3D676-4BB8-45D8-9680-1C4D8F6B6F7F}.Debug|x86.ActiveCfg = Debug|iPhone
		{C8E3D676-4BB8-45D8-9680-1C4D8F6B6F7F}.Release|Any CPU.ActiveCfg = Release|iPhone
		{C8E3D676-4BB8-45D8-9680-1C4D8F6B6F7F}.Release|ARM.ActiveCfg = Release|iPhone
		{C8E3D676-4BB8-45D8-9680-1C4D8F6B6F7F}.Release|iPhone.ActiveCfg = Release|iPhone
		{C8E3D676-4BB8-45D8-9680-1C4D8F6B6F7F}.Release|iPhone.Build.0 = Release|iPhone
		{C8E3D676-4BB8-45D8-9680-1C4D8F6B6F7F}.Release|iPhoneSimulator.ActiveCfg = Release|iPhoneSimulator
		{C8E3D676-4BB8-45D8-9680-1C4D8F6B6F7F}.Release|iPhoneSimulator.Build.0 = Release|iPhoneSimulator
		{C8E3D676-4BB8-45D8-9680-1C4D8F6B6F7F}.Release|x64.ActiveCfg = Release|iPhone
		{C8E3D676-4BB8-45D8-9680-1C4D8F6B6F7F}.Release|x86.ActiveCfg = Release|iPhone
		{7F590C0E-C75F-4193-8305-FA1CBE121DF5}.Ad-Hoc|Any CPU.ActiveCfg = Release|Any CPU
		{7F590C0E-C75F-4193-8305-FA1CBE121DF5}.Ad-Hoc|Any CPU.Build.0 = Release|Any CPU
		{7F590C0E-C75F-4193-8305-FA1CBE121DF5}.Ad-Hoc|Any CPU.Deploy.0 = Release|Any CPU
		{7F590C0E-C75F-4193-8305-FA1CBE121DF5}.Ad-Hoc|ARM.ActiveCfg = Release|ARM
		{7F590C0E-C75F-4193-8305-FA1CBE121DF5}.Ad-Hoc|ARM.Build.0 = Release|ARM
		{7F590C0E-C75F-4193-8305-FA1CBE121DF5}.Ad-Hoc|ARM.Deploy.0 = Release|ARM
		{7F590C0E-C75F-4193-8305-FA1CBE121DF5}.Ad-Hoc|iPhone.ActiveCfg = Release|Any CPU
		{7F590C0E-C75F-4193-8305-FA1CBE121DF5}.Ad-Hoc|iPhone.Build.0 = Release|Any CPU
		{7F590C0E-C75F-4193-8305-FA1CBE121DF5}.Ad-Hoc|iPhone.Deploy.0 = Release|Any CPU
		{7F590C0E-C75F-4193-8305-FA1CBE121DF5}.Ad-Hoc|iPhoneSimulator.ActiveCfg = Release|Any CPU
		{7F590C0E-C75F-4193-8305-FA1CBE121DF5}.Ad-Hoc|iPhoneSimulator.Build.0 = Release|Any CPU
		{7F590C0E-C75F-4193-8305-FA1CBE121DF5}.Ad-Hoc|iPhoneSimulator.Deploy.0 = Release|Any CPU
		{7F590C0E-C75F-4193-8305-FA1CBE121DF5}.Ad-Hoc|x64.ActiveCfg = Release|x64
		{7F590C0E-C75F-4193-8305-FA1CBE121DF5}.Ad-Hoc|x64.Build.0 = Release|x64
		{7F590C0E-C75F-4193-8305-FA1CBE121DF5}.Ad-Hoc|x64.Deploy.0 = Release|x64
		{7F590C0E-C75F-4193-8305-FA1CBE121DF5}.Ad-Hoc|x86.ActiveCfg = Release|x86
		{7F590C0E-C75F-4193-8305-FA1CBE121DF5}.Ad-Hoc|x86.Build.0 = Release|x86
		{7F590C0E-C75F-4193-8305-FA1CBE121DF5}.Ad-Hoc|x86.Deploy.0 = Release|x86
		{7F590C0E-C75F-4193-8305-FA1CBE121DF5}.AppStore|Any CPU.ActiveCfg = Release|Any CPU
		{7F590C0E-C75F-4193-8305-FA1CBE121DF5}.AppStore|Any CPU.Build.0 = Release|Any CPU
		{7F590C0E-C75F-4193-8305-FA1CBE121DF5}.AppStore|Any CPU.Deploy.0 = Release|Any CPU
		{7F590C0E-C75F-4193-8305-FA1CBE121DF5}.AppStore|ARM.ActiveCfg = Release|ARM
		{7F590C0E-C75F-4193-8305-FA1CBE121DF5}.AppStore|ARM.Build.0 = Release|ARM
		{7F590C0E-C75F-4193-8305-FA1CBE121DF5}.AppStore|ARM.Deploy.0 = Release|ARM
		{7F590C0E-C75F-4193-8305-FA1CBE121DF5}.AppStore|iPhone.ActiveCfg = Release|Any CPU
		{7F590C0E-C75F-4193-8305-FA1CBE121DF5}.AppStore|iPhone.Build.0 = Release|Any CPU
		{7F590C0E-C75F-4193-8305-FA1CBE121DF5}.AppStore|iPhone.Deploy.0 = Release|Any CPU
		{7F590C0E-C75F-4193-8305-FA1CBE121DF5}.AppStore|iPhoneSimulator.ActiveCfg = Release|Any CPU
		{7F590C0E-C75F-4193-8305-FA1CBE121DF5}.AppStore|iPhoneSimulator.Build.0 = Release|Any CPU
		{7F590C0E-C75F-4193-8305-FA1CBE121DF5}.AppStore|iPhoneSimulator.Deploy.0 = Release|Any CPU
		{7F590C0E-C75F-4193-8305-FA1CBE121DF5}.AppStore|x64.ActiveCfg = Release|x64
		{7F590C0E-C75F-4193-8305-FA1CBE121DF5}.AppStore|x64.Build.0 = Release|x64
		{7F590C0E-C75F-4193-8305-FA1CBE121DF5}.AppStore|x64.Deploy.0 = Release|x64
		{7F590C0E-C75F-4193-8305-FA1CBE121DF5}.AppStore|x86.ActiveCfg = Release|x86
		{7F590C0E-C75F-4193-8305-FA1CBE121DF5}.AppStore|x86.Build.0 = Release|x86
		{7F590C0E-C75F-4193-8305-FA1CBE121DF5}.AppStore|x86.Deploy.0 = Release|x86
		{7F590C0E-C75F-4193-8305-FA1CBE121DF5}.Debug|Any CPU.ActiveCfg = Debug|Any CPU
		{7F590C0E-C75F-4193-8305-FA1CBE121DF5}.Debug|Any CPU.Build.0 = Debug|Any CPU
		{7F590C0E-C75F-4193-8305-FA1CBE121DF5}.Debug|Any CPU.Deploy.0 = Debug|Any CPU
		{7F590C0E-C75F-4193-8305-FA1CBE121DF5}.Debug|ARM.ActiveCfg = Debug|ARM
		{7F590C0E-C75F-4193-8305-FA1CBE121DF5}.Debug|ARM.Build.0 = Debug|ARM
		{7F590C0E-C75F-4193-8305-FA1CBE121DF5}.Debug|ARM.Deploy.0 = Debug|ARM
		{7F590C0E-C75F-4193-8305-FA1CBE121DF5}.Debug|iPhone.ActiveCfg = Debug|Any CPU
		{7F590C0E-C75F-4193-8305-FA1CBE121DF5}.Debug|iPhone.Build.0 = Debug|Any CPU
		{7F590C0E-C75F-4193-8305-FA1CBE121DF5}.Debug|iPhone.Deploy.0 = Debug|Any CPU
		{7F590C0E-C75F-4193-8305-FA1CBE121DF5}.Debug|iPhoneSimulator.ActiveCfg = Debug|Any CPU
		{7F590C0E-C75F-4193-8305-FA1CBE121DF5}.Debug|iPhoneSimulator.Build.0 = Debug|Any CPU
		{7F590C0E-C75F-4193-8305-FA1CBE121DF5}.Debug|iPhoneSimulator.Deploy.0 = Debug|Any CPU
		{7F590C0E-C75F-4193-8305-FA1CBE121DF5}.Debug|x64.ActiveCfg = Debug|x64
		{7F590C0E-C75F-4193-8305-FA1CBE121DF5}.Debug|x64.Build.0 = Debug|x64
		{7F590C0E-C75F-4193-8305-FA1CBE121DF5}.Debug|x64.Deploy.0 = Debug|x64
		{7F590C0E-C75F-4193-8305-FA1CBE121DF5}.Debug|x86.ActiveCfg = Debug|x86
		{7F590C0E-C75F-4193-8305-FA1CBE121DF5}.Debug|x86.Build.0 = Debug|x86
		{7F590C0E-C75F-4193-8305-FA1CBE121DF5}.Debug|x86.Deploy.0 = Debug|x86
		{7F590C0E-C75F-4193-8305-FA1CBE121DF5}.Release|Any CPU.ActiveCfg = Release|Any CPU
		{7F590C0E-C75F-4193-8305-FA1CBE121DF5}.Release|Any CPU.Build.0 = Release|Any CPU
		{7F590C0E-C75F-4193-8305-FA1CBE121DF5}.Release|Any CPU.Deploy.0 = Release|Any CPU
		{7F590C0E-C75F-4193-8305-FA1CBE121DF5}.Release|ARM.ActiveCfg = Release|ARM
		{7F590C0E-C75F-4193-8305-FA1CBE121DF5}.Release|ARM.Build.0 = Release|ARM
		{7F590C0E-C75F-4193-8305-FA1CBE121DF5}.Release|ARM.Deploy.0 = Release|ARM
		{7F590C0E-C75F-4193-8305-FA1CBE121DF5}.Release|iPhone.ActiveCfg = Release|Any CPU
		{7F590C0E-C75F-4193-8305-FA1CBE121DF5}.Release|iPhone.Build.0 = Release|Any CPU
		{7F590C0E-C75F-4193-8305-FA1CBE121DF5}.Release|iPhone.Deploy.0 = Release|Any CPU
		{7F590C0E-C75F-4193-8305-FA1CBE121DF5}.Release|iPhoneSimulator.ActiveCfg = Release|Any CPU
		{7F590C0E-C75F-4193-8305-FA1CBE121DF5}.Release|iPhoneSimulator.Build.0 = Release|Any CPU
		{7F590C0E-C75F-4193-8305-FA1CBE121DF5}.Release|iPhoneSimulator.Deploy.0 = Release|Any CPU
		{7F590C0E-C75F-4193-8305-FA1CBE121DF5}.Release|x64.ActiveCfg = Release|x64
		{7F590C0E-C75F-4193-8305-FA1CBE121DF5}.Release|x64.Build.0 = Release|x64
		{7F590C0E-C75F-4193-8305-FA1CBE121DF5}.Release|x64.Deploy.0 = Release|x64
		{7F590C0E-C75F-4193-8305-FA1CBE121DF5}.Release|x86.ActiveCfg = Release|x86
		{7F590C0E-C75F-4193-8305-FA1CBE121DF5}.Release|x86.Build.0 = Release|x86
		{7F590C0E-C75F-4193-8305-FA1CBE121DF5}.Release|x86.Deploy.0 = Release|x86
	EndGlobalSection
	GlobalSection(SolutionProperties) = preSolution
		HideSolutionNode = FALSE
	EndGlobalSection
EndGlobal
